{
  "name": "miaoda-openclaw",
  "version": "1.4.9",
  "lockfileVersion": 3,
  "requires": true,
  "packages": {
    "": {
      "name": "miaoda-openclaw",
      "version": "1.4.9",
      "dependencies": {
        "opencode-ai": "^1.2.27"
      },
      "engines": {
        "node": ">=22.0.0"
      }
    },
    "node_modules/opencode-ai": {
      "version": "1.2.27",
      "resolved": "https://registry.npmmirror.com/opencode-ai/-/opencode-ai-1.2.27.tgz",
      "integrity": "sha512-icCLoC52HgM89Mv+sXVtxpWmR7vXW1AjjE99koZTXG6C4/iGlTsKlxG9y9oFrGkadvpoW1qTF/Qp0xrjPOEfvg==",
      "hasInstallScript": true,
      "license": "MIT",
      "bin": {
        "opencode": "bin/opencode"
      },
      "optionalDependencies": {
        "opencode-darwin-arm64": "1.2.27",
        "opencode-darwin-x64": "1.2.27",
        "opencode-darwin-x64-baseline": "1.2.27",
        "opencode-linux-arm64": "1.2.27",
        "opencode-linux-arm64-musl": "1.2.27",
        "opencode-linux-x64": "1.2.27",
        "opencode-linux-x64-baseline": "1.2.27",
        "opencode-linux-x64-baseline-musl": "1.2.27",
        "opencode-linux-x64-musl": "1.2.27",
        "opencode-windows-arm64": "1.2.27",
        "opencode-windows-x64": "1.2.27",
        "opencode-windows-x64-baseline": "1.2.27"
      }
    },
    "node_modules/opencode-darwin-arm64": {
      "version": "1.2.27",
      "resolved": "https://registry.npmmirror.com/opencode-darwin-arm64/-/opencode-darwin-arm64-1.2.27.tgz",
      "integrity": "sha512-fMDcgeECqX/klpGIw8qupGLVN/i0TQaBbMf4/pNt5r9vUP/G9mY7ihhZqux3XPUqepwqeZUhtIpegNNBRF3apw==",
      "cpu": [
        "arm64"
      ],
      "optional": true,
      "os": [
        "darwin"
      ]
    },
    "node_modules/opencode-darwin-x64": {
      "version": "1.2.27",
      "resolved": "https://registry.npmmirror.com/opencode-darwin-x64/-/opencode-darwin-x64-1.2.27.tgz",
      "integrity": "sha512-ZfSHgUgpjzeeTY3lEiaKrazhtMc7AMNr3f5G5vRE4uCMXnz6YNeEgFF8K3VR4I0FcIGhv362kyjze3tk4+HCsw==",
      "cpu": [
        "x64"
      ],
      "optional": true,
      "os": [
        "darwin"
      ]
    },
    "node_modules/opencode-darwin-x64-baseline": {
      "version": "1.2.27",
      "resolved": "https://registry.npmmirror.com/opencode-darwin-x64-baseline/-/opencode-darwin-x64-baseline-1.2.27.tgz",
      "integrity": "sha512-ownObbCb7tsmd6Z2MoS3CA24QRZr8Fug+BDAEelX4XXHk7XRCCv0ZzQdbJtGwTuhjYHxPhbW4xovKFK7Iw3uVw==",
      "cpu": [
        "x64"
      ],
      "optional": true,
      "os": [
        "darwin"
      ]
    },
    "node_modules/opencode-linux-arm64": {
      "version": "1.2.27",
      "resolved": "https://registry.npmmirror.com/opencode-linux-arm64/-/opencode-linux-arm64-1.2.27.tgz",
      "integrity": "sha512-IqiurSCDVgiDDGmTXwDDaIDEHFTGH5lsPFNC1ClzrEAf8W7YefO6zpfUlWlFf36FPN3/4FdR8aje+0nRDu80dg==",
      "cpu": [
        "arm64"
      ],
      "optional": true,
      "os": [
        "linux"
      ]
    },
    "node_modules/opencode-linux-arm64-musl": {
      "version": "1.2.27",
      "resolved": "https://registry.npmmirror.com/opencode-linux-arm64-musl/-/opencode-linux-arm64-musl-1.2.27.tgz",
      "integrity": "sha512-TuFxJyY1m1WhfqvmhdODRNkjC1TNhZ4GnAkHN7dnsSmSs6oXErWZeawo2twP2BZpK/vBejxitOj9CsAENDiqEA==",
      "cpu": [
        "arm64"
      ],
      "optional": true,
      "os": [
        "linux"
      ]
    },
    "node_modules/opencode-linux-x64": {
      "version": "1.2.27",
      "resolved": "https://registry.npmmirror.com/opencode-linux-x64/-/opencode-linux-x64-1.2.27.tgz",
      "integrity": "sha512-B9xaBkgeWcPinJ0ltNXcLsRgRbGjzxytL14vsj0WYD4pSdcQMdC0T3lkvTbqFh/wyIXCgf1EYMzP7jukPwcb0Q==",
      "cpu": [
        "x64"
      ],
      "optional": true,
      "os": [
        "linux"
      ]
    },
    "node_modules/opencode-linux-x64-baseline": {
      "version": "1.2.27",
      "resolved": "https://registry.npmmirror.com/opencode-linux-x64-baseline/-/opencode-linux-x64-baseline-1.2.27.tgz",
      "integrity": "sha512-8BWSFWBej689vDEjmuPV60ixH8BKcfE3DQYbGBi97O50jAhbI06mpkDzrRpULinUU2dKUijteS8b45fELANxjg==",
      "cpu": [
        "x64"
      ],
      "optional": true,
      "os": [
        "linux"
      ]
    },
    "node_modules/opencode-linux-x64-baseline-musl": {
      "version": "1.2.27",
      "resolved": "https://registry.npmmirror.com/opencode-linux-x64-baseline-musl/-/opencode-linux-x64-baseline-musl-1.2.27.tgz",
      "integrity": "sha512-RWMtHTiyGc9IDwRwb2s8lMzHKW0d3k+dTi9OFUjVFln3BZWWb9cN9qu0WqxBu9VsNREISDWmgB1T6PJ1IMZ4SA==",
      "cpu": [
        "x64"
      ],
      "optional": true,
      "os": [
        "linux"
      ]
    },
    "node_modules/opencode-linux-x64-musl": {
      "version": "1.2.27",
      "resolved": "https://registry.npmmirror.com/opencode-linux-x64-musl/-/opencode-linux-x64-musl-1.2.27.tgz",
      "integrity": "sha512-KrkzXV9qdpmCmOWsHCLyEo8uPOnvd7JdLNSYk57xJOUSLmoAtC0rbVQmN5kvG/Ewlc9Z3ARX4eSGnpYDM7xWbQ==",
      "cpu": [
        "x64"
      ],
      "optional": true,
      "os": [
        "linux"
      ]
    },
    "node_modules/opencode-windows-arm64": {
      "version": "1.2.27",
      "resolved": "https://registry.npmmirror.com/opencode-windows-arm64/-/opencode-windows-arm64-1.2.27.tgz",
      "integrity": "sha512-QLg0zyOYE5RYLG4+f2O+moJGu67MC9KPW1H573+srrVX/IDZVuO9bGCC27EmE+v0FCRVicgrtWG+I51Da2GlQw==",
      "cpu": [
        "arm64"
      ],
      "optional": true,
      "os": [
        "win32"
      ]
    },
    "node_modules/opencode-windows-x64": {
      "version": "1.2.27",
      "resolved": "https://registry.npmmirror.com/opencode-windows-x64/-/opencode-windows-x64-1.2.27.tgz",
      "integrity": "sha512-gVVltPbt0yujAEk/BAY6v/S7CLA4XmXeHcW2no6yn0yfBU/f9YLsQ8xxOKxNk03re1+jeYGFM7568pB8nzJxjw==",
      "cpu": [
        "x64"
      ],
      "optional": true,
      "os": [
        "win32"
      ]
    },
    "node_modules/opencode-windows-x64-baseline": {
      "version": "1.2.27",
      "resolved": "https://registry.npmmirror.com/opencode-windows-x64-baseline/-/opencode-windows-x64-baseline-1.2.27.tgz",
      "integrity": "sha512-sxplrlmG+yYVBXnPXybPnWkUPadW8CRR21+70TEbUZ8Mt5XJuWpEAddapnZyVs9u5etkJUibo2RXvbl2aAEuVw==",
      "cpu": [
        "x64"
      ],
      "optional": true,
      "os": [
        "win32"
      ]
    }
  }
}
